
Microsoft Visual Studio Solution File, Format Version 12.00
# Visual Studio 14
VisualStudioVersion = 14.0.23107.0
MinimumVisualStudioVersion = 10.0.40219.1
Project("{FAE04EC0-301F-11D3-BF4B-00C04F79EFBC}") = "Parsing", "Parsing\Parsing.csproj", "{AB5DECA1-33DA-4874-BC58-ECB24579389E}"
EndProject
Project("{FAE04EC0-301F-11D3-BF4B-00C04F79EFBC}") = "Parsing.Tests", "Parsing.Tests\Parsing.Tests.csproj", "{A910C869-0964-4F73-9163-703CD1C3B78D}"
EndProject
Project("{FAE04EC0-301F-11D3-BF4B-00C04F79EFBC}") = "Parsing.TestClient", "Parsing.TestClient\Parsing.TestClient.csproj", "{6B1113EE-AA4E-4EA0-8DB5-76C25143F6DB}"
EndProject
Project("{FAE04EC0-301F-11D3-BF4B-00C04F79EFBC}") = "DomainDef", "DomainDef\DomainDef.csproj", "{6580E520-7B80-4940-95ED-9BA06C9179BF}"
EndProject
Project("{FAE04EC0-301F-11D3-BF4B-00C04F79EFBC}") = "DomainDef.Tests", "DomainDef.Tests\DomainDef.Tests.csproj", "{37D327F7-17DB-4921-A7E0-24FBED9B1141}"
EndProject
Project("{FAE04EC0-301F-11D3-BF4B-00C04F79EFBC}") = "DomainDef.Designer", "DomainDef.Designer\DomainDef.Designer.csproj", "{E594F9F1-0D2E-4225-966F-C249507A3DB8}"
EndProject
Project("{FAE04EC0-301F-11D3-BF4B-00C04F79EFBC}") = "Parsing.Core", "Parsing.Core\Parsing.Core.csproj", "{946CDAE0-5CBB-4AF3-A1F4-818E6338A2BF}"
EndProject
Project("{FAE04EC0-301F-11D3-BF4B-00C04F79EFBC}") = "Parsing.Core.Tests", "Parsing.Core.Tests\Parsing.Core.Tests.csproj", "{EF0A212E-C27F-419F-832C-7221A119DDF4}"
EndProject
Project("{FAE04EC0-301F-11D3-BF4B-00C04F79EFBC}") = "Sql.Tests", "Sql.Tests\Sql.Tests.csproj", "{2EE02822-A761-4656-92D5-2693CA3B2A5B}"
EndProject
Project("{FAE04EC0-301F-11D3-BF4B-00C04F79EFBC}") = "Sql.UI", "Sql.UI\Sql.UI.csproj", "{EC226EFD-70CE-4283-9DC2-66534628CCF2}"
EndProject
Project("{FAE04EC0-301F-11D3-BF4B-00C04F79EFBC}") = "Sql", "Sql\Sql.csproj", "{4475B7A6-77F8-4DFD-AB4C-C8CDD6C117CA}"
EndProject
Global
	GlobalSection(SolutionConfigurationPlatforms) = preSolution
		Debug|Any CPU = Debug|Any CPU
		Release|Any CPU = Release|Any CPU
	EndGlobalSection
	GlobalSection(ProjectConfigurationPlatforms) = postSolution
		{AB5DECA1-33DA-4874-BC58-ECB24579389E}.Debug|Any CPU.ActiveCfg = Debug|Any CPU
		{AB5DECA1-33DA-4874-BC58-ECB24579389E}.Debug|Any CPU.Build.0 = Debug|Any CPU
		{AB5DECA1-33DA-4874-BC58-ECB24579389E}.Release|Any CPU.ActiveCfg = Release|Any CPU
		{AB5DECA1-33DA-4874-BC58-ECB24579389E}.Release|Any CPU.Build.0 = Release|Any CPU
		{A910C869-0964-4F73-9163-703CD1C3B78D}.Debug|Any CPU.ActiveCfg = Debug|Any CPU
		{A910C869-0964-4F73-9163-703CD1C3B78D}.Debug|Any CPU.Build.0 = Debug|Any CPU
		{A910C869-0964-4F73-9163-703CD1C3B78D}.Release|Any CPU.ActiveCfg = Release|Any CPU
		{A910C869-0964-4F73-9163-703CD1C3B78D}.Release|Any CPU.Build.0 = Release|Any CPU
		{6B1113EE-AA4E-4EA0-8DB5-76C25143F6DB}.Debug|Any CPU.ActiveCfg = Debug|Any CPU
		{6B1113EE-AA4E-4EA0-8DB5-76C25143F6DB}.Debug|Any CPU.Build.0 = Debug|Any CPU
		{6B1113EE-AA4E-4EA0-8DB5-76C25143F6DB}.Release|Any CPU.ActiveCfg = Release|Any CPU
		{6B1113EE-AA4E-4EA0-8DB5-76C25143F6DB}.Release|Any CPU.Build.0 = Release|Any CPU
		{6580E520-7B80-4940-95ED-9BA06C9179BF}.Debug|Any CPU.ActiveCfg = Debug|Any CPU
		{6580E520-7B80-4940-95ED-9BA06C9179BF}.Debug|Any CPU.Build.0 = Debug|Any CPU
		{6580E520-7B80-4940-95ED-9BA06C9179BF}.Release|Any CPU.ActiveCfg = Release|Any CPU
		{6580E520-7B80-4940-95ED-9BA06C9179BF}.Release|Any CPU.Build.0 = Release|Any CPU
		{37D327F7-17DB-4921-A7E0-24FBED9B1141}.Debug|Any CPU.ActiveCfg = Debug|Any CPU
		{37D327F7-17DB-4921-A7E0-24FBED9B1141}.Debug|Any CPU.Build.0 = Debug|Any CPU
		{37D327F7-17DB-4921-A7E0-24FBED9B1141}.Release|Any CPU.ActiveCfg = Release|Any CPU
		{37D327F7-17DB-4921-A7E0-24FBED9B1141}.Release|Any CPU.Build.0 = Release|Any CPU
		{E594F9F1-0D2E-4225-966F-C249507A3DB8}.Debug|Any CPU.ActiveCfg = Debug|Any CPU
		{E594F9F1-0D2E-4225-966F-C249507A3DB8}.Debug|Any CPU.Build.0 = Debug|Any CPU
		{E594F9F1-0D2E-4225-966F-C249507A3DB8}.Release|Any CPU.ActiveCfg = Release|Any CPU
		{E594F9F1-0D2E-4225-966F-C249507A3DB8}.Release|Any CPU.Build.0 = Release|Any CPU
		{946CDAE0-5CBB-4AF3-A1F4-818E6338A2BF}.Debug|Any CPU.ActiveCfg = Debug|Any CPU
		{946CDAE0-5CBB-4AF3-A1F4-818E6338A2BF}.Debug|Any CPU.Build.0 = Debug|Any CPU
		{946CDAE0-5CBB-4AF3-A1F4-818E6338A2BF}.Release|Any CPU.ActiveCfg = Release|Any CPU
		{946CDAE0-5CBB-4AF3-A1F4-818E6338A2BF}.Release|Any CPU.Build.0 = Release|Any CPU
		{EF0A212E-C27F-419F-832C-7221A119DDF4}.Debug|Any CPU.ActiveCfg = Debug|Any CPU
		{EF0A212E-C27F-419F-832C-7221A119DDF4}.Debug|Any CPU.Build.0 = Debug|Any CPU
		{EF0A212E-C27F-419F-832C-7221A119DDF4}.Release|Any CPU.ActiveCfg = Release|Any CPU
		{EF0A212E-C27F-419F-832C-7221A119DDF4}.Release|Any CPU.Build.0 = Release|Any CPU
		{2EE02822-A761-4656-92D5-2693CA3B2A5B}.Debug|Any CPU.ActiveCfg = Debug|Any CPU
		{2EE02822-A761-4656-92D5-2693CA3B2A5B}.Debug|Any CPU.Build.0 = Debug|Any CPU
		{2EE02822-A761-4656-92D5-2693CA3B2A5B}.Release|Any CPU.ActiveCfg = Release|Any CPU
		{2EE02822-A761-4656-92D5-2693CA3B2A5B}.Release|Any CPU.Build.0 = Release|Any CPU
		{EC226EFD-70CE-4283-9DC2-66534628CCF2}.Debug|Any CPU.ActiveCfg = Debug|Any CPU
		{EC226EFD-70CE-4283-9DC2-66534628CCF2}.Debug|Any CPU.Build.0 = Debug|Any CPU
		{EC226EFD-70CE-4283-9DC2-66534628CCF2}.Release|Any CPU.ActiveCfg = Release|Any CPU
		{EC226EFD-70CE-4283-9DC2-66534628CCF2}.Release|Any CPU.Build.0 = Release|Any CPU
		{4475B7A6-77F8-4DFD-AB4C-C8CDD6C117CA}.Debug|Any CPU.ActiveCfg = Debug|Any CPU
		{4475B7A6-77F8-4DFD-AB4C-C8CDD6C117CA}.Debug|Any CPU.Build.0 = Debug|Any CPU
		{4475B7A6-77F8-4DFD-AB4C-C8CDD6C117CA}.Release|Any CPU.ActiveCfg = Release|Any CPU
		{4475B7A6-77F8-4DFD-AB4C-C8CDD6C117CA}.Release|Any CPU.Build.0 = Release|Any CPU
	EndGlobalSection
	GlobalSection(SolutionProperties) = preSolution
		HideSolutionNode = FALSE
	EndGlobalSection
EndGlobal
