
Microsoft Visual Studio Solution File, Format Version 12.00
# Visual Studio 14
VisualStudioVersion = 14.0.23107.0
MinimumVisualStudioVersion = 10.0.40219.1
Project("{FAE04EC0-301F-11D3-BF4B-00C04F79EFBC}") = "DomainDef", "DomainDef\DomainDef.csproj", "{6580E520-7B80-4940-95ED-9BA06C9179BF}"
EndProject
Project("{FAE04EC0-301F-11D3-BF4B-00C04F79EFBC}") = "DomainDef.Tests", "DomainDef.Tests\DomainDef.Tests.csproj", "{37D327F7-17DB-4921-A7E0-24FBED9B1141}"
EndProject
Project("{FAE04EC0-301F-11D3-BF4B-00C04F79EFBC}") = "DomainDef.Designer", "DomainDef.Designer\DomainDef.Designer.csproj", "{E594F9F1-0D2E-4225-966F-C249507A3DB8}"
EndProject
Project("{FAE04EC0-301F-11D3-BF4B-00C04F79EFBC}") = "Parsing.Core", "Parsing.Core\Parsing.Core.csproj", "{946CDAE0-5CBB-4AF3-A1F4-818E6338A2BF}"
EndProject
Project("{FAE04EC0-301F-11D3-BF4B-00C04F79EFBC}") = "Parsing.Core.Tests", "Parsing.Core.Tests\Parsing.Core.Tests.csproj", "{EF0A212E-C27F-419F-832C-7221A119DDF4}"
EndProject
Project("{FAE04EC0-301F-11D3-BF4B-00C04F79EFBC}") = "Sql.Tests", "Sql.Tests\Sql.Tests.csproj", "{2EE02822-A761-4656-92D5-2693CA3B2A5B}"
EndProject
Project("{FAE04EC0-301F-11D3-BF4B-00C04F79EFBC}") = "Sql.UI", "Sql.UI\Sql.UI.csproj", "{EC226EFD-70CE-4283-9DC2-66534628CCF2}"
EndProject
Project("{FAE04EC0-301F-11D3-BF4B-00C04F79EFBC}") = "Sql", "Sql\Sql.csproj", "{4475B7A6-77F8-4DFD-AB4C-C8CDD6C117CA}"
EndProject
Project("{FAE04EC0-301F-11D3-BF4B-00C04F79EFBC}") = "TitleBuilder", "TitleBuilder\TitleBuilder.csproj", "{68C0A218-6FBF-4D35-ACCC-3B1C5683FDDA}"
EndProject
Project("{FAE04EC0-301F-11D3-BF4B-00C04F79EFBC}") = "TitleBuilder.Designer", "TitleBuilder.Designer\TitleBuilder.Designer.csproj", "{9FDFA1B3-DDF4-4F13-AEDA-E16BD4A06F4D}"
EndProject
Project("{FAE04EC0-301F-11D3-BF4B-00C04F79EFBC}") = "TitleBuilder.Tests", "TitleBuilder.Tests\TitleBuilder.Tests.csproj", "{C19E07D3-8A1E-4E70-B1DD-10CD8D1CE434}"
EndProject
Project("{FAE04EC0-301F-11D3-BF4B-00C04F79EFBC}") = "Parsing.Designer", "Parsing.Designer\Parsing.Designer.csproj", "{D4C91180-B46F-449D-887F-1720D968B8C0}"
EndProject
Project("{FAE04EC0-301F-11D3-BF4B-00C04F79EFBC}") = "V2.Parsing.Core", "V2.Parsing.Core\V2.Parsing.Core.csproj", "{D40C59D2-C78D-4244-BF73-3AE17E4F05D2}"
EndProject
Project("{FAE04EC0-301F-11D3-BF4B-00C04F79EFBC}") = "V2.Parsing.Core.Tests", "V2.Parsing.Core.Tests\V2.Parsing.Core.Tests.csproj", "{1587B274-9304-4D64-A0BF-CAF8AAE41F1F}"
EndProject
Project("{FAE04EC0-301F-11D3-BF4B-00C04F79EFBC}") = "V2.Parsing.Designer", "V2.Parsing.Designer\V2.Parsing.Designer.csproj", "{FA13BBD0-18CA-40FC-AB41-A418150AEB1A}"
EndProject
Project("{FAE04EC0-301F-11D3-BF4B-00C04F79EFBC}") = "V2.TitleBuilder", "V2.TitleBuilder\V2.TitleBuilder.csproj", "{33EB61BB-401F-4B13-AA10-3BE6E31643EF}"
EndProject
Project("{FAE04EC0-301F-11D3-BF4B-00C04F79EFBC}") = "V2.TitleBuilder.Tests", "V2.TitleBuilder.Tests\V2.TitleBuilder.Tests.csproj", "{E092BE4F-9646-494A-898C-87663AE2D8B9}"
EndProject
Project("{FAE04EC0-301F-11D3-BF4B-00C04F79EFBC}") = "V3.Parsing.Core", "V3.Parsing.Core\V3.Parsing.Core.csproj", "{D9A68F6F-1163-4692-BC87-E0B6D5B909CB}"
EndProject
Project("{FAE04EC0-301F-11D3-BF4B-00C04F79EFBC}") = "V3.Parsing.Core.Tests", "V3.Parsing.Core.Tests\V3.Parsing.Core.Tests.csproj", "{9CE6ADD2-5A26-4360-B73F-09F455133257}"
EndProject
Project("{FAE04EC0-301F-11D3-BF4B-00C04F79EFBC}") = "V3.Templates", "V3.Templates\V3.Templates.csproj", "{A13A585D-83BF-481E-82A5-0D19CFDB67D0}"
EndProject
Project("{FAE04EC0-301F-11D3-BF4B-00C04F79EFBC}") = "V3.Templates.Tests", "V3.Templates.Tests\V3.Templates.Tests.csproj", "{620A872C-40B6-4852-BD81-222163E1FD6C}"
EndProject
Project("{FAE04EC0-301F-11D3-BF4B-00C04F79EFBC}") = "V3.DomainDef", "V3.DomainDef\V3.DomainDef.csproj", "{80641D2F-B567-406E-A4BA-AAAF84B5BD62}"
EndProject
Project("{FAE04EC0-301F-11D3-BF4B-00C04F79EFBC}") = "V3.DomainDef.Tests", "V3.DomainDef.Tests\V3.DomainDef.Tests.csproj", "{FFE07F05-4738-4153-9726-90B660253EE6}"
EndProject
Global
	GlobalSection(SolutionConfigurationPlatforms) = preSolution
		Debug|Any CPU = Debug|Any CPU
		Release|Any CPU = Release|Any CPU
	EndGlobalSection
	GlobalSection(ProjectConfigurationPlatforms) = postSolution
		{6580E520-7B80-4940-95ED-9BA06C9179BF}.Debug|Any CPU.ActiveCfg = Debug|Any CPU
		{6580E520-7B80-4940-95ED-9BA06C9179BF}.Debug|Any CPU.Build.0 = Debug|Any CPU
		{6580E520-7B80-4940-95ED-9BA06C9179BF}.Release|Any CPU.ActiveCfg = Release|Any CPU
		{6580E520-7B80-4940-95ED-9BA06C9179BF}.Release|Any CPU.Build.0 = Release|Any CPU
		{37D327F7-17DB-4921-A7E0-24FBED9B1141}.Debug|Any CPU.ActiveCfg = Debug|Any CPU
		{37D327F7-17DB-4921-A7E0-24FBED9B1141}.Debug|Any CPU.Build.0 = Debug|Any CPU
		{37D327F7-17DB-4921-A7E0-24FBED9B1141}.Release|Any CPU.ActiveCfg = Release|Any CPU
		{37D327F7-17DB-4921-A7E0-24FBED9B1141}.Release|Any CPU.Build.0 = Release|Any CPU
		{E594F9F1-0D2E-4225-966F-C249507A3DB8}.Debug|Any CPU.ActiveCfg = Debug|Any CPU
		{E594F9F1-0D2E-4225-966F-C249507A3DB8}.Debug|Any CPU.Build.0 = Debug|Any CPU
		{E594F9F1-0D2E-4225-966F-C249507A3DB8}.Release|Any CPU.ActiveCfg = Release|Any CPU
		{E594F9F1-0D2E-4225-966F-C249507A3DB8}.Release|Any CPU.Build.0 = Release|Any CPU
		{946CDAE0-5CBB-4AF3-A1F4-818E6338A2BF}.Debug|Any CPU.ActiveCfg = Debug|Any CPU
		{946CDAE0-5CBB-4AF3-A1F4-818E6338A2BF}.Debug|Any CPU.Build.0 = Debug|Any CPU
		{946CDAE0-5CBB-4AF3-A1F4-818E6338A2BF}.Release|Any CPU.ActiveCfg = Release|Any CPU
		{946CDAE0-5CBB-4AF3-A1F4-818E6338A2BF}.Release|Any CPU.Build.0 = Release|Any CPU
		{EF0A212E-C27F-419F-832C-7221A119DDF4}.Debug|Any CPU.ActiveCfg = Debug|Any CPU
		{EF0A212E-C27F-419F-832C-7221A119DDF4}.Debug|Any CPU.Build.0 = Debug|Any CPU
		{EF0A212E-C27F-419F-832C-7221A119DDF4}.Release|Any CPU.ActiveCfg = Release|Any CPU
		{EF0A212E-C27F-419F-832C-7221A119DDF4}.Release|Any CPU.Build.0 = Release|Any CPU
		{2EE02822-A761-4656-92D5-2693CA3B2A5B}.Debug|Any CPU.ActiveCfg = Debug|Any CPU
		{2EE02822-A761-4656-92D5-2693CA3B2A5B}.Debug|Any CPU.Build.0 = Debug|Any CPU
		{2EE02822-A761-4656-92D5-2693CA3B2A5B}.Release|Any CPU.ActiveCfg = Release|Any CPU
		{2EE02822-A761-4656-92D5-2693CA3B2A5B}.Release|Any CPU.Build.0 = Release|Any CPU
		{EC226EFD-70CE-4283-9DC2-66534628CCF2}.Debug|Any CPU.ActiveCfg = Debug|Any CPU
		{EC226EFD-70CE-4283-9DC2-66534628CCF2}.Debug|Any CPU.Build.0 = Debug|Any CPU
		{EC226EFD-70CE-4283-9DC2-66534628CCF2}.Release|Any CPU.ActiveCfg = Release|Any CPU
		{EC226EFD-70CE-4283-9DC2-66534628CCF2}.Release|Any CPU.Build.0 = Release|Any CPU
		{4475B7A6-77F8-4DFD-AB4C-C8CDD6C117CA}.Debug|Any CPU.ActiveCfg = Debug|Any CPU
		{4475B7A6-77F8-4DFD-AB4C-C8CDD6C117CA}.Debug|Any CPU.Build.0 = Debug|Any CPU
		{4475B7A6-77F8-4DFD-AB4C-C8CDD6C117CA}.Release|Any CPU.ActiveCfg = Release|Any CPU
		{4475B7A6-77F8-4DFD-AB4C-C8CDD6C117CA}.Release|Any CPU.Build.0 = Release|Any CPU
		{68C0A218-6FBF-4D35-ACCC-3B1C5683FDDA}.Debug|Any CPU.ActiveCfg = Debug|Any CPU
		{68C0A218-6FBF-4D35-ACCC-3B1C5683FDDA}.Debug|Any CPU.Build.0 = Debug|Any CPU
		{68C0A218-6FBF-4D35-ACCC-3B1C5683FDDA}.Release|Any CPU.ActiveCfg = Release|Any CPU
		{68C0A218-6FBF-4D35-ACCC-3B1C5683FDDA}.Release|Any CPU.Build.0 = Release|Any CPU
		{9FDFA1B3-DDF4-4F13-AEDA-E16BD4A06F4D}.Debug|Any CPU.ActiveCfg = Debug|Any CPU
		{9FDFA1B3-DDF4-4F13-AEDA-E16BD4A06F4D}.Debug|Any CPU.Build.0 = Debug|Any CPU
		{9FDFA1B3-DDF4-4F13-AEDA-E16BD4A06F4D}.Release|Any CPU.ActiveCfg = Release|Any CPU
		{9FDFA1B3-DDF4-4F13-AEDA-E16BD4A06F4D}.Release|Any CPU.Build.0 = Release|Any CPU
		{C19E07D3-8A1E-4E70-B1DD-10CD8D1CE434}.Debug|Any CPU.ActiveCfg = Debug|Any CPU
		{C19E07D3-8A1E-4E70-B1DD-10CD8D1CE434}.Debug|Any CPU.Build.0 = Debug|Any CPU
		{C19E07D3-8A1E-4E70-B1DD-10CD8D1CE434}.Release|Any CPU.ActiveCfg = Release|Any CPU
		{C19E07D3-8A1E-4E70-B1DD-10CD8D1CE434}.Release|Any CPU.Build.0 = Release|Any CPU
		{D4C91180-B46F-449D-887F-1720D968B8C0}.Debug|Any CPU.ActiveCfg = Debug|Any CPU
		{D4C91180-B46F-449D-887F-1720D968B8C0}.Debug|Any CPU.Build.0 = Debug|Any CPU
		{D4C91180-B46F-449D-887F-1720D968B8C0}.Release|Any CPU.ActiveCfg = Release|Any CPU
		{D4C91180-B46F-449D-887F-1720D968B8C0}.Release|Any CPU.Build.0 = Release|Any CPU
		{D40C59D2-C78D-4244-BF73-3AE17E4F05D2}.Debug|Any CPU.ActiveCfg = Debug|Any CPU
		{D40C59D2-C78D-4244-BF73-3AE17E4F05D2}.Debug|Any CPU.Build.0 = Debug|Any CPU
		{D40C59D2-C78D-4244-BF73-3AE17E4F05D2}.Release|Any CPU.ActiveCfg = Release|Any CPU
		{D40C59D2-C78D-4244-BF73-3AE17E4F05D2}.Release|Any CPU.Build.0 = Release|Any CPU
		{1587B274-9304-4D64-A0BF-CAF8AAE41F1F}.Debug|Any CPU.ActiveCfg = Debug|Any CPU
		{1587B274-9304-4D64-A0BF-CAF8AAE41F1F}.Debug|Any CPU.Build.0 = Debug|Any CPU
		{1587B274-9304-4D64-A0BF-CAF8AAE41F1F}.Release|Any CPU.ActiveCfg = Release|Any CPU
		{1587B274-9304-4D64-A0BF-CAF8AAE41F1F}.Release|Any CPU.Build.0 = Release|Any CPU
		{FA13BBD0-18CA-40FC-AB41-A418150AEB1A}.Debug|Any CPU.ActiveCfg = Debug|Any CPU
		{FA13BBD0-18CA-40FC-AB41-A418150AEB1A}.Debug|Any CPU.Build.0 = Debug|Any CPU
		{FA13BBD0-18CA-40FC-AB41-A418150AEB1A}.Release|Any CPU.ActiveCfg = Release|Any CPU
		{FA13BBD0-18CA-40FC-AB41-A418150AEB1A}.Release|Any CPU.Build.0 = Release|Any CPU
		{33EB61BB-401F-4B13-AA10-3BE6E31643EF}.Debug|Any CPU.ActiveCfg = Debug|Any CPU
		{33EB61BB-401F-4B13-AA10-3BE6E31643EF}.Debug|Any CPU.Build.0 = Debug|Any CPU
		{33EB61BB-401F-4B13-AA10-3BE6E31643EF}.Release|Any CPU.ActiveCfg = Release|Any CPU
		{33EB61BB-401F-4B13-AA10-3BE6E31643EF}.Release|Any CPU.Build.0 = Release|Any CPU
		{E092BE4F-9646-494A-898C-87663AE2D8B9}.Debug|Any CPU.ActiveCfg = Debug|Any CPU
		{E092BE4F-9646-494A-898C-87663AE2D8B9}.Debug|Any CPU.Build.0 = Debug|Any CPU
		{E092BE4F-9646-494A-898C-87663AE2D8B9}.Release|Any CPU.ActiveCfg = Release|Any CPU
		{E092BE4F-9646-494A-898C-87663AE2D8B9}.Release|Any CPU.Build.0 = Release|Any CPU
		{D9A68F6F-1163-4692-BC87-E0B6D5B909CB}.Debug|Any CPU.ActiveCfg = Debug|Any CPU
		{D9A68F6F-1163-4692-BC87-E0B6D5B909CB}.Debug|Any CPU.Build.0 = Debug|Any CPU
		{D9A68F6F-1163-4692-BC87-E0B6D5B909CB}.Release|Any CPU.ActiveCfg = Release|Any CPU
		{D9A68F6F-1163-4692-BC87-E0B6D5B909CB}.Release|Any CPU.Build.0 = Release|Any CPU
		{9CE6ADD2-5A26-4360-B73F-09F455133257}.Debug|Any CPU.ActiveCfg = Debug|Any CPU
		{9CE6ADD2-5A26-4360-B73F-09F455133257}.Debug|Any CPU.Build.0 = Debug|Any CPU
		{9CE6ADD2-5A26-4360-B73F-09F455133257}.Release|Any CPU.ActiveCfg = Release|Any CPU
		{9CE6ADD2-5A26-4360-B73F-09F455133257}.Release|Any CPU.Build.0 = Release|Any CPU
		{A13A585D-83BF-481E-82A5-0D19CFDB67D0}.Debug|Any CPU.ActiveCfg = Debug|Any CPU
		{A13A585D-83BF-481E-82A5-0D19CFDB67D0}.Debug|Any CPU.Build.0 = Debug|Any CPU
		{A13A585D-83BF-481E-82A5-0D19CFDB67D0}.Release|Any CPU.ActiveCfg = Release|Any CPU
		{A13A585D-83BF-481E-82A5-0D19CFDB67D0}.Release|Any CPU.Build.0 = Release|Any CPU
		{620A872C-40B6-4852-BD81-222163E1FD6C}.Debug|Any CPU.ActiveCfg = Debug|Any CPU
		{620A872C-40B6-4852-BD81-222163E1FD6C}.Debug|Any CPU.Build.0 = Debug|Any CPU
		{620A872C-40B6-4852-BD81-222163E1FD6C}.Release|Any CPU.ActiveCfg = Release|Any CPU
		{620A872C-40B6-4852-BD81-222163E1FD6C}.Release|Any CPU.Build.0 = Release|Any CPU
		{80641D2F-B567-406E-A4BA-AAAF84B5BD62}.Debug|Any CPU.ActiveCfg = Debug|Any CPU
		{80641D2F-B567-406E-A4BA-AAAF84B5BD62}.Debug|Any CPU.Build.0 = Debug|Any CPU
		{80641D2F-B567-406E-A4BA-AAAF84B5BD62}.Release|Any CPU.ActiveCfg = Release|Any CPU
		{80641D2F-B567-406E-A4BA-AAAF84B5BD62}.Release|Any CPU.Build.0 = Release|Any CPU
		{FFE07F05-4738-4153-9726-90B660253EE6}.Debug|Any CPU.ActiveCfg = Debug|Any CPU
		{FFE07F05-4738-4153-9726-90B660253EE6}.Debug|Any CPU.Build.0 = Debug|Any CPU
		{FFE07F05-4738-4153-9726-90B660253EE6}.Release|Any CPU.ActiveCfg = Release|Any CPU
		{FFE07F05-4738-4153-9726-90B660253EE6}.Release|Any CPU.Build.0 = Release|Any CPU
	EndGlobalSection
	GlobalSection(SolutionProperties) = preSolution
		HideSolutionNode = FALSE
	EndGlobalSection
EndGlobal
